# Pinned Docker image digests will be appended here as each group is
# installed. Format: <image>:<tag>@sha256:<digest>
# Group A: no images yet

# Group B (added 2026-06-05)
ollama/ollama:0.5.4@sha256:18bfb1d605604fd53dcad20d0556df4c781e560ebebcd923454d627c994a0e37
libretranslate/libretranslate:v1.9.6@sha256:1de2d7056bb8ad607a412f4563d9abe324ff632b43b5be9428bcc8e213aebb32
byaidu/pdf2zh:1.9.11@sha256:8e083ecbeb3f22dcbe0e8365e78ed2d776c3881221ebcf9d526df6db621fef9b
qwen2.5:7b@sha256:845dbda0ea48ed749caafd9e6037047aa19acfcfd82e704d7ca97d631a0b697e
qwen2.5:3b@sha256:357c53fb659c5076de1d65ccb0b397446227b71a42be9d1603d46168015c9e4b

# Group C (added 2026-06-05)
piper-tts==1.4.2
en_US-amy-medium voice ONNX SHA-256: b3a6e47b57b8c7fbe6a0ce2518161a50f59a9cdd8a50835c02cb02bdd6206c18
coqui-tts==0.27.5
# coqui-tts ships torch as an optional extra; pinned explicitly (cu126 wheels).
torch==2.7.1 ; torchaudio==2.7.1   (index: https://download.pytorch.org/whl/cu126)
# transformers pinned to last 4.x; 5.x removes isin_mps_friendly used by coqui-tts.
transformers==4.57.6
nvidia/cuda:12.6.3-runtime-ubuntu24.04@sha256:92906d87596d638d35015c6353053121bd299d25943b875763321653884ba924
python:3.12-slim@sha256:090ba77e2958f6af52a5341f788b50b032dd4ca28377d2893dcf1ecbdfdfe203
pumacp/puma-info-piper:0.1.0 (built locally, image ID sha256:86b6a6b1b14927705cc36fdcd5c102fd267da0e2fed21b0454ee9228f9bac4ae)
pumacp/puma-info-xtts:0.1.0 (built locally, image ID sha256:bc969542b64208643645b4043be8fc096543b0836fa24cfb2f564ec74aec6ebc)
XTTS v2 model: tts_models/multilingual/multi-dataset/xtts_v2 (Coqui Public Model License, CPML)

# Group D (added 2026-06-05)
node:22-bookworm-slim@sha256:7af03b14a13c8cdd38e45058fd957bf00a72bbe17feac43b1c15a689c029c732
hyperframes@0.6.74
chromium (debian package) 148.0.7778.215-1~deb12u1
manimcommunity/manim:v0.20.1@sha256:f18f53f2e4eaf2ea41713437d34363fb3f5cc6008b03fd798676ac0359396c3b
pumacp/puma-info-hyperframes:0.1.0 (built locally, image ID sha256:f9b159e473320aaebe65b4e794deb52b2109c6a7011f34950662126e5fe9d409)
pumacp/puma-info-manim:0.1.0 (built locally, image ID sha256:bf624d5a1cf4456f247a2c7efa4aeb4f0160afb30e99244ec0297bcb48ada5f7)
# Skills bundle is regenerated locally (.agents/skills/), never tracked; source commit pinned for reproducibility.
HyperFrames skills bundle: heygen-com/hyperframes @ bacfb17538ae2c79343e816dd03d6a62f2d0163c

# Group E (added 2026-06-05)
nvidia/cuda:12.6.3-runtime-ubuntu24.04@sha256:92906d87596d638d35015c6353053121bd299d25943b875763321653884ba924
# WhisperX image pins torch 2.8.0 (whisperx 3.8.6 requires torch~=2.8.0); independent of XTTS's 2.7.1.
torch==2.8.0 (cu126)
torchaudio==2.8.0 (cu126)
whisperx==3.8.6
WhisperX ASR model: large-v3 (faster-whisper CTranslate2)
python:3.12-slim@sha256:090ba77e2958f6af52a5341f788b50b032dd4ca28377d2893dcf1ecbdfdfe203
google-api-python-client==2.197.0
google-auth==2.53.0
google-auth-oauthlib==1.4.0
google-auth-httplib2==0.4.0
jsonschema==4.26.0
pumacp/puma-info-whisperx:0.1.0 (built locally, image ID sha256:7a79f23e05670b2defcd24463a76b76431b5940e330c2d1cd6e10729cb42507e)
pumacp/puma-info-uploader:0.1.0 (built locally, image ID sha256:0cf6017b5bc96ab8f5794be18db05556f823bd4708320f36536b0057c814cac9)

# Group F (added 2026-06-05)
ghcr.io/quarto-dev/quarto:1.9.38@sha256:cdc12093a8fd224993a9e4643dd479f23727d7618031e84b3884065e0f9160f1
node:22-bookworm-slim@sha256:7af03b14a13c8cdd38e45058fd957bf00a72bbe17feac43b1c15a689c029c732
debian:bookworm-slim@sha256:0104b334637a5f19aa9c983a91b54c89887c0984081f2068983107a6f6c21eeb
@marp-team/marp-cli@4.4.0
@mermaid-js/mermaid-cli@11.15.0
inkscape (debian package) 1.2.2-2+b1
chromium (debian package) 148.0.7778.215-1~deb12u1
# TinyTeX installed into the Quarto image via `quarto install tinytex` (needs xz-utils).
TinyTeX v2026.06
pumacp/puma-info-quarto:0.1.0 (built locally, image ID sha256:8d135496c67daa8a7d21f86ba027e7a7f19c06983a0f857ed984e1278cb57cdb)
pumacp/puma-info-marp-mermaid:0.1.0 (built locally, image ID sha256:36aae13c06f26456c43f503b4bab5c16b71699d2fbfe720ead6cc5701adef54d)
pumacp/puma-info-inkscape:0.1.0 (built locally, image ID sha256:5afa86ceeed4a12470de52883f8118ce04d34f8106bf96988fe4b3f8597229f8)
# Group F additions (Increment 3 — LibreOffice, slides import)
debian:bookworm-slim@sha256:0104b334637a5f19aa9c983a91b54c89887c0984081f2068983107a6f6c21eeb
libreoffice-impress (debian package) 4:7.4.7-1+deb12u12
libreoffice-writer (debian package) 4:7.4.7-1+deb12u12
fonts-liberation (debian package) 1:1.07.4-11
pumacp/puma-info-libreoffice:0.1.0 (built locally, image ID sha256:fa52e0a13dab2f4a34ae83ad52240214359264af708dcaf185e2d018c240d28b)
